
Microsoft Visual Studio Solution File, Format Version 12.00
# Visual Studio 14
VisualStudioVersion = 14.0.25420.1
MinimumVisualStudioVersion = 10.0.40219.1
Project("{E24C65DC-7377-472B-9ABA-BC803B73C61A}") = "Project(2)", "..\..\WebSites\New folder\Project\", "{D15B9C68-147F-4E20-99A6-12D7A1203DDB}"
	ProjectSection(WebsiteProperties) = preProject
		TargetFrameworkMoniker = ".NETFramework,Version%3Dv4.6.1"
		Debug.AspNetCompiler.VirtualPath = "/localhost_50130"
		Debug.AspNetCompiler.PhysicalPath = "..\..\WebSites\New folder\Project\"
		Debug.AspNetCompiler.TargetPath = "PrecompiledWeb\localhost_50130\"
		Debug.AspNetCompiler.Updateable = "true"
		Debug.AspNetCompiler.ForceOverwrite = "true"
		Debug.AspNetCompiler.FixedNames = "false"
		Debug.AspNetCompiler.Debug = "True"
		Release.AspNetCompiler.VirtualPath = "/localhost_50130"
		Release.AspNetCompiler.PhysicalPath = "..\..\WebSites\New folder\Project\"
		Release.AspNetCompiler.TargetPath = "PrecompiledWeb\localhost_50130\"
		Release.AspNetCompiler.Updateable = "true"
		Release.AspNetCompiler.ForceOverwrite = "true"
		Release.AspNetCompiler.FixedNames = "false"
		Release.AspNetCompiler.Debug = "False"
		VWDPort = "50130"
		SlnRelativePath = "..\..\WebSites\New folder\Project\"
	EndProjectSection
EndProject
Global
	GlobalSection(SolutionConfigurationPlatforms) = preSolution
		Debug|Any CPU = Debug|Any CPU
	EndGlobalSection
	GlobalSection(ProjectConfigurationPlatforms) = postSolution
		{D15B9C68-147F-4E20-99A6-12D7A1203DDB}.Debug|Any CPU.ActiveCfg = Debug|Any CPU
		{D15B9C68-147F-4E20-99A6-12D7A1203DDB}.Debug|Any CPU.Build.0 = Debug|Any CPU
	EndGlobalSection
	GlobalSection(SolutionProperties) = preSolution
		HideSolutionNode = FALSE
	EndGlobalSection
EndGlobal
