
Microsoft Visual Studio Solution File, Format Version 12.00
# Visual Studio 14
VisualStudioVersion = 14.0.25420.1
MinimumVisualStudioVersion = 10.0.40219.1
Project("{E24C65DC-7377-472B-9ABA-BC803B73C61A}") = "Publish", "..\..\WebSites\Publish\", "{7029C5D2-F72D-46A0-BC49-E130A5963404}"
	ProjectSection(WebsiteProperties) = preProject
		TargetFrameworkMoniker = ".NETFramework,Version%3Dv4.5.2"
		Debug.AspNetCompiler.VirtualPath = "/localhost_52601"
		Debug.AspNetCompiler.PhysicalPath = "..\..\WebSites\Publish\"
		Debug.AspNetCompiler.TargetPath = "PrecompiledWeb\localhost_52601\"
		Debug.AspNetCompiler.Updateable = "true"
		Debug.AspNetCompiler.ForceOverwrite = "true"
		Debug.AspNetCompiler.FixedNames = "false"
		Debug.AspNetCompiler.Debug = "True"
		Release.AspNetCompiler.VirtualPath = "/localhost_52601"
		Release.AspNetCompiler.PhysicalPath = "..\..\WebSites\Publish\"
		Release.AspNetCompiler.TargetPath = "PrecompiledWeb\localhost_52601\"
		Release.AspNetCompiler.Updateable = "true"
		Release.AspNetCompiler.ForceOverwrite = "true"
		Release.AspNetCompiler.FixedNames = "false"
		Release.AspNetCompiler.Debug = "False"
		VWDPort = "52601"
		SlnRelativePath = "..\..\WebSites\Publish\"
		DefaultWebSiteLanguage = "Visual C#"
	EndProjectSection
EndProject
Global
	GlobalSection(SolutionConfigurationPlatforms) = preSolution
		Debug|Any CPU = Debug|Any CPU
	EndGlobalSection
	GlobalSection(ProjectConfigurationPlatforms) = postSolution
		{7029C5D2-F72D-46A0-BC49-E130A5963404}.Debug|Any CPU.ActiveCfg = Debug|Any CPU
		{7029C5D2-F72D-46A0-BC49-E130A5963404}.Debug|Any CPU.Build.0 = Debug|Any CPU
	EndGlobalSection
	GlobalSection(SolutionProperties) = preSolution
		HideSolutionNode = FALSE
	EndGlobalSection
EndGlobal
